# envs/python312.lock — ENV-001 canonical Python 3.12 environment lock
#
# PROVENANCE: pinned from the resolved (actually-installed) versions of the
# direct required dependencies in requirements.txt, captured on this
# interpreter (Python 3.12.3, x86_64,
# glibc 2.39) at 2026-07-19T15:37:52.082274+00:00.
#
# HASHES: NONE. This is a PIN-ONLY lock (exact == of installed required deps).
# Hash-locking (pip-compile --generate-hashes / `pip hash`) against a hermetic
# index is an ENV-005 follow-up. No sha256 values are fabricated here.
#
# SCOPE: direct required deps only. The full transitive hash-less resolution
# lives in requirements.lock (read-only reference; not regenerated by ENV-001).
#
# DEVIATIONS: on this pre-hermetic sandbox 8 pins are BELOW their
# requirements.txt floors (marked  # BELOW-FLOOR). The hermetic container
# (ENV-005) must raise these to the security-hardened floors. See
# docs/CANONICAL_ENV.md.
#
numpy==2.4.6
scipy==1.18.0
pandas==2.3.3
networkx==2.6.3  # BELOW-FLOOR: floor >=3.5
deap==1.4.3
torch==2.12.1
scikit-learn==1.8.0
joblib==1.5.3
SQLAlchemy==2.0.49
optuna==3.6.2
numba==0.64.0
pydantic==2.12.5
pydantic-settings==2.13.1
pandera==0.26.1
exchange-calendars==4.13.2
PyYAML==6.0.3
hydra-core==1.3.2
omegaconf==2.3.0
prometheus-client==0.24.1
opentelemetry-api==1.40.0
opentelemetry-sdk==1.40.0
opentelemetry-exporter-otlp==1.40.0
aiokafka==0.13.0
pyarrow==23.0.1
redis==7.4.0
httpx==0.28.1
websockets==16.0
ccxt==4.5.46
tenacity==9.1.4
aiolimiter==1.2.1
fastapi==0.135.2  # BELOW-FLOOR: floor <1.0.0,>=0.139.0
strawberry-graphql==0.315.2
alembic==1.18.4
psycopg==3.3.3
click==8.4.2
jinja2==3.1.6
uvicorn==0.42.0
streamlit==1.56.0
streamlit-authenticator==0.4.2
PyJWT==2.12.1  # BELOW-FLOOR: floor >=2.13.0
cryptography==46.0.6  # BELOW-FLOOR: floor >=49.0.0
requests==2.33.0
aiohttp==3.13.3  # BELOW-FLOOR: floor >=3.14.1
starlette==1.0.0  # BELOW-FLOOR: floor >=1.3.1
tornado==6.5.5  # BELOW-FLOOR: floor >=6.5.7
python-multipart==0.0.22  # BELOW-FLOOR: floor >=0.0.32
